
Microsoft Visual Studio Solution File, Format Version 12.00
# Visual Studio Version 17
VisualStudioVersion = 17.3.32922.545
MinimumVisualStudioVersion = 10.0.40219.1
Project("{FAE04EC0-301F-11D3-BF4B-00C04F79EFBC}") = "Probleme Set1", "Probleme Set1\Probleme Set1.csproj", "{73438F5F-CCE4-4A5A-A4E4-1704B342EE2A}"
EndProject
Project("{FAE04EC0-301F-11D3-BF4B-00C04F79EFBC}") = "Problema2", "Problema2\Problema2.csproj", "{7F2F43A6-B171-49E6-840C-489B6630C02C}"
EndProject
Project("{FAE04EC0-301F-11D3-BF4B-00C04F79EFBC}") = "Problema3", "Problema3\Problema3.csproj", "{01C07A81-C026-42F0-99B5-9091519E1D74}"
EndProject
Project("{FAE04EC0-301F-11D3-BF4B-00C04F79EFBC}") = "Problema4", "Problema4\Problema4.csproj", "{EF3C8DF9-74A2-4B5A-BC3F-0A270B7E1660}"
EndProject
Project("{FAE04EC0-301F-11D3-BF4B-00C04F79EFBC}") = "Problema5", "Problema5\Problema5.csproj", "{8CFF6822-4FD6-4867-A998-45D0095685FC}"
EndProject
Project("{FAE04EC0-301F-11D3-BF4B-00C04F79EFBC}") = "Problema6", "Problema6\Problema6.csproj", "{0CD05B12-0862-46E1-A2A8-7DDA46D19258}"
EndProject
Project("{FAE04EC0-301F-11D3-BF4B-00C04F79EFBC}") = "Problema7", "Problema7\Problema7.csproj", "{1FA923E5-974C-4846-9242-F8BCB93372BE}"
EndProject
Project("{FAE04EC0-301F-11D3-BF4B-00C04F79EFBC}") = "Problema8", "Problema8\Problema8.csproj", "{E717826A-B5C0-4C13-A093-F2A766D90003}"
EndProject
Project("{FAE04EC0-301F-11D3-BF4B-00C04F79EFBC}") = "Problema9", "Problema9\Problema9.csproj", "{A8051156-8748-414A-A548-36931582F30E}"
EndProject
Project("{FAE04EC0-301F-11D3-BF4B-00C04F79EFBC}") = "Problema10", "Problema10\Problema10.csproj", "{1DA23732-F097-4E9D-A710-8742F4970E40}"
EndProject
Project("{FAE04EC0-301F-11D3-BF4B-00C04F79EFBC}") = "Problema11", "Problema11\Problema11.csproj", "{F12188B1-5D40-4135-943D-DD9592480F3A}"
EndProject
Project("{FAE04EC0-301F-11D3-BF4B-00C04F79EFBC}") = "12", "12\12.csproj", "{586025C5-A4C7-41EB-A1E8-1C87F7DE00DF}"
EndProject
Project("{FAE04EC0-301F-11D3-BF4B-00C04F79EFBC}") = "13", "13\13.csproj", "{E5DCEDDD-E9CB-4B78-94FC-74B4A0DE34A6}"
EndProject
Project("{FAE04EC0-301F-11D3-BF4B-00C04F79EFBC}") = "14", "14\14.csproj", "{8DF74E0E-E0FF-48A3-8C2B-4B2578019747}"
EndProject
Project("{FAE04EC0-301F-11D3-BF4B-00C04F79EFBC}") = "15", "15\15.csproj", "{3781E8AF-2588-4E42-AA24-07FF81C089F2}"
EndProject
Project("{FAE04EC0-301F-11D3-BF4B-00C04F79EFBC}") = "16", "16\16.csproj", "{098A9051-1F40-43F1-82FA-9DA8A5A1058F}"
EndProject
Project("{FAE04EC0-301F-11D3-BF4B-00C04F79EFBC}") = "17", "17\17.csproj", "{E17CDD9D-A871-4FEB-BDCE-F47FFAC34422}"
EndProject
Project("{FAE04EC0-301F-11D3-BF4B-00C04F79EFBC}") = "18", "18\18.csproj", "{5ED0F279-570B-4845-A257-5E029FCC41F8}"
EndProject
Project("{FAE04EC0-301F-11D3-BF4B-00C04F79EFBC}") = "19", "19\19.csproj", "{1C679B2C-EA38-448A-BA63-DAEA8C28002B}"
EndProject
Project("{FAE04EC0-301F-11D3-BF4B-00C04F79EFBC}") = "20", "20\20.csproj", "{F45F2E96-6227-4445-9013-033CAFCF7DB0}"
EndProject
Project("{FAE04EC0-301F-11D3-BF4B-00C04F79EFBC}") = "21", "21\21.csproj", "{B354CF19-8CCC-4770-AFF3-983972B3C981}"
EndProject
Global
	GlobalSection(SolutionConfigurationPlatforms) = preSolution
		Debug|Any CPU = Debug|Any CPU
		Release|Any CPU = Release|Any CPU
	EndGlobalSection
	GlobalSection(ProjectConfigurationPlatforms) = postSolution
		{73438F5F-CCE4-4A5A-A4E4-1704B342EE2A}.Debug|Any CPU.ActiveCfg = Debug|Any CPU
		{73438F5F-CCE4-4A5A-A4E4-1704B342EE2A}.Debug|Any CPU.Build.0 = Debug|Any CPU
		{73438F5F-CCE4-4A5A-A4E4-1704B342EE2A}.Release|Any CPU.ActiveCfg = Release|Any CPU
		{73438F5F-CCE4-4A5A-A4E4-1704B342EE2A}.Release|Any CPU.Build.0 = Release|Any CPU
		{7F2F43A6-B171-49E6-840C-489B6630C02C}.Debug|Any CPU.ActiveCfg = Debug|Any CPU
		{7F2F43A6-B171-49E6-840C-489B6630C02C}.Debug|Any CPU.Build.0 = Debug|Any CPU
		{7F2F43A6-B171-49E6-840C-489B6630C02C}.Release|Any CPU.ActiveCfg = Release|Any CPU
		{7F2F43A6-B171-49E6-840C-489B6630C02C}.Release|Any CPU.Build.0 = Release|Any CPU
		{01C07A81-C026-42F0-99B5-9091519E1D74}.Debug|Any CPU.ActiveCfg = Debug|Any CPU
		{01C07A81-C026-42F0-99B5-9091519E1D74}.Debug|Any CPU.Build.0 = Debug|Any CPU
		{01C07A81-C026-42F0-99B5-9091519E1D74}.Release|Any CPU.ActiveCfg = Release|Any CPU
		{01C07A81-C026-42F0-99B5-9091519E1D74}.Release|Any CPU.Build.0 = Release|Any CPU
		{EF3C8DF9-74A2-4B5A-BC3F-0A270B7E1660}.Debug|Any CPU.ActiveCfg = Debug|Any CPU
		{EF3C8DF9-74A2-4B5A-BC3F-0A270B7E1660}.Debug|Any CPU.Build.0 = Debug|Any CPU
		{EF3C8DF9-74A2-4B5A-BC3F-0A270B7E1660}.Release|Any CPU.ActiveCfg = Release|Any CPU
		{EF3C8DF9-74A2-4B5A-BC3F-0A270B7E1660}.Release|Any CPU.Build.0 = Release|Any CPU
		{8CFF6822-4FD6-4867-A998-45D0095685FC}.Debug|Any CPU.ActiveCfg = Debug|Any CPU
		{8CFF6822-4FD6-4867-A998-45D0095685FC}.Debug|Any CPU.Build.0 = Debug|Any CPU
		{8CFF6822-4FD6-4867-A998-45D0095685FC}.Release|Any CPU.ActiveCfg = Release|Any CPU
		{8CFF6822-4FD6-4867-A998-45D0095685FC}.Release|Any CPU.Build.0 = Release|Any CPU
		{0CD05B12-0862-46E1-A2A8-7DDA46D19258}.Debug|Any CPU.ActiveCfg = Debug|Any CPU
		{0CD05B12-0862-46E1-A2A8-7DDA46D19258}.Debug|Any CPU.Build.0 = Debug|Any CPU
		{0CD05B12-0862-46E1-A2A8-7DDA46D19258}.Release|Any CPU.ActiveCfg = Release|Any CPU
		{0CD05B12-0862-46E1-A2A8-7DDA46D19258}.Release|Any CPU.Build.0 = Release|Any CPU
		{1FA923E5-974C-4846-9242-F8BCB93372BE}.Debug|Any CPU.ActiveCfg = Debug|Any CPU
		{1FA923E5-974C-4846-9242-F8BCB93372BE}.Debug|Any CPU.Build.0 = Debug|Any CPU
		{1FA923E5-974C-4846-9242-F8BCB93372BE}.Release|Any CPU.ActiveCfg = Release|Any CPU
		{1FA923E5-974C-4846-9242-F8BCB93372BE}.Release|Any CPU.Build.0 = Release|Any CPU
		{E717826A-B5C0-4C13-A093-F2A766D90003}.Debug|Any CPU.ActiveCfg = Debug|Any CPU
		{E717826A-B5C0-4C13-A093-F2A766D90003}.Debug|Any CPU.Build.0 = Debug|Any CPU
		{E717826A-B5C0-4C13-A093-F2A766D90003}.Release|Any CPU.ActiveCfg = Release|Any CPU
		{E717826A-B5C0-4C13-A093-F2A766D90003}.Release|Any CPU.Build.0 = Release|Any CPU
		{A8051156-8748-414A-A548-36931582F30E}.Debug|Any CPU.ActiveCfg = Debug|Any CPU
		{A8051156-8748-414A-A548-36931582F30E}.Debug|Any CPU.Build.0 = Debug|Any CPU
		{A8051156-8748-414A-A548-36931582F30E}.Release|Any CPU.ActiveCfg = Release|Any CPU
		{A8051156-8748-414A-A548-36931582F30E}.Release|Any CPU.Build.0 = Release|Any CPU
		{1DA23732-F097-4E9D-A710-8742F4970E40}.Debug|Any CPU.ActiveCfg = Debug|Any CPU
		{1DA23732-F097-4E9D-A710-8742F4970E40}.Debug|Any CPU.Build.0 = Debug|Any CPU
		{1DA23732-F097-4E9D-A710-8742F4970E40}.Release|Any CPU.ActiveCfg = Release|Any CPU
		{1DA23732-F097-4E9D-A710-8742F4970E40}.Release|Any CPU.Build.0 = Release|Any CPU
		{F12188B1-5D40-4135-943D-DD9592480F3A}.Debug|Any CPU.ActiveCfg = Debug|Any CPU
		{F12188B1-5D40-4135-943D-DD9592480F3A}.Debug|Any CPU.Build.0 = Debug|Any CPU
		{F12188B1-5D40-4135-943D-DD9592480F3A}.Release|Any CPU.ActiveCfg = Release|Any CPU
		{F12188B1-5D40-4135-943D-DD9592480F3A}.Release|Any CPU.Build.0 = Release|Any CPU
		{586025C5-A4C7-41EB-A1E8-1C87F7DE00DF}.Debug|Any CPU.ActiveCfg = Debug|Any CPU
		{586025C5-A4C7-41EB-A1E8-1C87F7DE00DF}.Debug|Any CPU.Build.0 = Debug|Any CPU
		{586025C5-A4C7-41EB-A1E8-1C87F7DE00DF}.Release|Any CPU.ActiveCfg = Release|Any CPU
		{586025C5-A4C7-41EB-A1E8-1C87F7DE00DF}.Release|Any CPU.Build.0 = Release|Any CPU
		{E5DCEDDD-E9CB-4B78-94FC-74B4A0DE34A6}.Debug|Any CPU.ActiveCfg = Debug|Any CPU
		{E5DCEDDD-E9CB-4B78-94FC-74B4A0DE34A6}.Debug|Any CPU.Build.0 = Debug|Any CPU
		{E5DCEDDD-E9CB-4B78-94FC-74B4A0DE34A6}.Release|Any CPU.ActiveCfg = Release|Any CPU
		{E5DCEDDD-E9CB-4B78-94FC-74B4A0DE34A6}.Release|Any CPU.Build.0 = Release|Any CPU
		{8DF74E0E-E0FF-48A3-8C2B-4B2578019747}.Debug|Any CPU.ActiveCfg = Debug|Any CPU
		{8DF74E0E-E0FF-48A3-8C2B-4B2578019747}.Debug|Any CPU.Build.0 = Debug|Any CPU
		{8DF74E0E-E0FF-48A3-8C2B-4B2578019747}.Release|Any CPU.ActiveCfg = Release|Any CPU
		{8DF74E0E-E0FF-48A3-8C2B-4B2578019747}.Release|Any CPU.Build.0 = Release|Any CPU
		{3781E8AF-2588-4E42-AA24-07FF81C089F2}.Debug|Any CPU.ActiveCfg = Debug|Any CPU
		{3781E8AF-2588-4E42-AA24-07FF81C089F2}.Debug|Any CPU.Build.0 = Debug|Any CPU
		{3781E8AF-2588-4E42-AA24-07FF81C089F2}.Release|Any CPU.ActiveCfg = Release|Any CPU
		{3781E8AF-2588-4E42-AA24-07FF81C089F2}.Release|Any CPU.Build.0 = Release|Any CPU
		{098A9051-1F40-43F1-82FA-9DA8A5A1058F}.Debug|Any CPU.ActiveCfg = Debug|Any CPU
		{098A9051-1F40-43F1-82FA-9DA8A5A1058F}.Debug|Any CPU.Build.0 = Debug|Any CPU
		{098A9051-1F40-43F1-82FA-9DA8A5A1058F}.Release|Any CPU.ActiveCfg = Release|Any CPU
		{098A9051-1F40-43F1-82FA-9DA8A5A1058F}.Release|Any CPU.Build.0 = Release|Any CPU
		{E17CDD9D-A871-4FEB-BDCE-F47FFAC34422}.Debug|Any CPU.ActiveCfg = Debug|Any CPU
		{E17CDD9D-A871-4FEB-BDCE-F47FFAC34422}.Debug|Any CPU.Build.0 = Debug|Any CPU
		{E17CDD9D-A871-4FEB-BDCE-F47FFAC34422}.Release|Any CPU.ActiveCfg = Release|Any CPU
		{E17CDD9D-A871-4FEB-BDCE-F47FFAC34422}.Release|Any CPU.Build.0 = Release|Any CPU
		{5ED0F279-570B-4845-A257-5E029FCC41F8}.Debug|Any CPU.ActiveCfg = Debug|Any CPU
		{5ED0F279-570B-4845-A257-5E029FCC41F8}.Debug|Any CPU.Build.0 = Debug|Any CPU
		{5ED0F279-570B-4845-A257-5E029FCC41F8}.Release|Any CPU.ActiveCfg = Release|Any CPU
		{5ED0F279-570B-4845-A257-5E029FCC41F8}.Release|Any CPU.Build.0 = Release|Any CPU
		{1C679B2C-EA38-448A-BA63-DAEA8C28002B}.Debug|Any CPU.ActiveCfg = Debug|Any CPU
		{1C679B2C-EA38-448A-BA63-DAEA8C28002B}.Debug|Any CPU.Build.0 = Debug|Any CPU
		{1C679B2C-EA38-448A-BA63-DAEA8C28002B}.Release|Any CPU.ActiveCfg = Release|Any CPU
		{1C679B2C-EA38-448A-BA63-DAEA8C28002B}.Release|Any CPU.Build.0 = Release|Any CPU
		{F45F2E96-6227-4445-9013-033CAFCF7DB0}.Debug|Any CPU.ActiveCfg = Debug|Any CPU
		{F45F2E96-6227-4445-9013-033CAFCF7DB0}.Debug|Any CPU.Build.0 = Debug|Any CPU
		{F45F2E96-6227-4445-9013-033CAFCF7DB0}.Release|Any CPU.ActiveCfg = Release|Any CPU
		{F45F2E96-6227-4445-9013-033CAFCF7DB0}.Release|Any CPU.Build.0 = Release|Any CPU
		{B354CF19-8CCC-4770-AFF3-983972B3C981}.Debug|Any CPU.ActiveCfg = Debug|Any CPU
		{B354CF19-8CCC-4770-AFF3-983972B3C981}.Debug|Any CPU.Build.0 = Debug|Any CPU
		{B354CF19-8CCC-4770-AFF3-983972B3C981}.Release|Any CPU.ActiveCfg = Release|Any CPU
		{B354CF19-8CCC-4770-AFF3-983972B3C981}.Release|Any CPU.Build.0 = Release|Any CPU
	EndGlobalSection
	GlobalSection(SolutionProperties) = preSolution
		HideSolutionNode = FALSE
	EndGlobalSection
	GlobalSection(ExtensibilityGlobals) = postSolution
		SolutionGuid = {F5240E2B-1F93-4326-9508-95FA7AFE3B8A}
	EndGlobalSection
EndGlobal
